// !$*UTF8*$!
{
	archiveVersion = 1;
	classes = {
	};
	objectVersion = 56;
	objects = {

/* Begin PBXBuildFile section */
		B103F2992C217EC000F9E9C3 /* MocktailSwift.swift in Sources */ = {isa = PBXBuildFile; fileRef = B103F2982C217EC000F9E9C3 /* MocktailSwift.swift */; };
		B103F29B2C217EC000F9E9C3 /* ContentView.swift in Sources */ = {isa = PBXBuildFile; fileRef = B103F29A2C217EC000F9E9C3 /* ContentView.swift */; };
		B103F29D2C217EC200F9E9C3 /* Assets.xcassets in Resources */ = {isa = PBXBuildFile; fileRef = B103F29C2C217EC200F9E9C3 /* Assets.xcassets */; };
		B103F2A02C217EC200F9E9C3 /* Preview Assets.xcassets in Resources */ = {isa = PBXBuildFile; fileRef = B103F29F2C217EC200F9E9C3 /* Preview Assets.xcassets */; };
		B103F2A22C217EC200F9E9C3 /* Persistence.swift in Sources */ = {isa = PBXBuildFile; fileRef = B103F2A12C217EC200F9E9C3 /* Persistence.swift */; };
		B103F2A52C217EC200F9E9C3 /* MocktailSwift.xcdatamodeld in Sources */ = {isa = PBXBuildFile; fileRef = B103F2A32C217EC200F9E9C3 /* MocktailSwift.xcdatamodeld */; };
		B103F2AC2C217EEA00F9E9C3 /* MockView.swift in Sources */ = {isa = PBXBuildFile; fileRef = B103F2AB2C217EEA00F9E9C3 /* MockView.swift */; };
		B103F2AE2C218AA200F9E9C3 /* ImageHelper.swift in Sources */ = {isa = PBXBuildFile; fileRef = B103F2AD2C218AA200F9E9C3 /* ImageHelper.swift */; };
		B14844C42C244B98004B7B76 /* Constants.swift in Sources */ = {isa = PBXBuildFile; fileRef = B14844C32C244B98004B7B76 /* Constants.swift */; };
		B14844C62C24646B004B7B76 /* Mockup.swift in Sources */ = {isa = PBXBuildFile; fileRef = B14844C52C24646B004B7B76 /* Mockup.swift */; };
		B14844CA2C294DDF004B7B76 /* MockupView.swift in Sources */ = {isa = PBXBuildFile; fileRef = B14844C92C294DDF004B7B76 /* MockupView.swift */; };
		B14844D12C295762004B7B76 /* HomeView.swift in Sources */ = {isa = PBXBuildFile; fileRef = B14844D02C295762004B7B76 /* HomeView.swift */; };
		B14844D32C295A6C004B7B76 /* Merienda-Regular.ttf in Resources */ = {isa = PBXBuildFile; fileRef = B14844D22C295A6C004B7B76 /* Merienda-Regular.ttf */; };
/* End PBXBuildFile section */

/* Begin PBXFileReference section */
		B103F2952C217EC000F9E9C3 /* MocktailSwift.app */ = {isa = PBXFileReference; explicitFileType = wrapper.application; includeInIndex = 0; path = MocktailSwift.app; sourceTree = BUILT_PRODUCTS_DIR; };
		B103F2982C217EC000F9E9C3 /* MocktailSwift.swift */ = {isa = PBXFileReference; lastKnownFileType = sourcecode.swift; path = MocktailSwift.swift; sourceTree = "<group>"; };
		B103F29A2C217EC000F9E9C3 /* ContentView.swift */ = {isa = PBXFileReference; lastKnownFileType = sourcecode.swift; path = ContentView.swift; sourceTree = "<group>"; };
		B103F29C2C217EC200F9E9C3 /* Assets.xcassets */ = {isa = PBXFileReference; lastKnownFileType = folder.assetcatalog; path = Assets.xcassets; sourceTree = "<group>"; };
		B103F29F2C217EC200F9E9C3 /* Preview Assets.xcassets */ = {isa = PBXFileReference; lastKnownFileType = folder.assetcatalog; path = "Preview Assets.xcassets"; sourceTree = "<group>"; };
		B103F2A12C217EC200F9E9C3 /* Persistence.swift */ = {isa = PBXFileReference; lastKnownFileType = sourcecode.swift; path = Persistence.swift; sourceTree = "<group>"; };
		B103F2A42C217EC200F9E9C3 /* MocktailIosTemp.xcdatamodel */ = {isa = PBXFileReference; lastKnownFileType = wrapper.xcdatamodel; path = MocktailIosTemp.xcdatamodel; sourceTree = "<group>"; };
		B103F2AB2C217EEA00F9E9C3 /* MockView.swift */ = {isa = PBXFileReference; lastKnownFileType = sourcecode.swift; path = MockView.swift; sourceTree = "<group>"; };
		B103F2AD2C218AA200F9E9C3 /* ImageHelper.swift */ = {isa = PBXFileReference; lastKnownFileType = sourcecode.swift; path = ImageHelper.swift; sourceTree = "<group>"; };
		B14844C32C244B98004B7B76 /* Constants.swift */ = {isa = PBXFileReference; lastKnownFileType = sourcecode.swift; path = Constants.swift; sourceTree = "<group>"; };
		B14844C52C24646B004B7B76 /* Mockup.swift */ = {isa = PBXFileReference; lastKnownFileType = sourcecode.swift; path = Mockup.swift; sourceTree = "<group>"; };
		B14844C92C294DDF004B7B76 /* MockupView.swift */ = {isa = PBXFileReference; lastKnownFileType = sourcecode.swift; path = MockupView.swift; sourceTree = "<group>"; };
		B14844D02C295762004B7B76 /* HomeView.swift */ = {isa = PBXFileReference; lastKnownFileType = sourcecode.swift; path = HomeView.swift; sourceTree = "<group>"; };
		B14844D22C295A6C004B7B76 /* Merienda-Regular.ttf */ = {isa = PBXFileReference; lastKnownFileType = file; path = "Merienda-Regular.ttf"; sourceTree = "<group>"; };
		B14844D42C295AC1004B7B76 /* Info.plist */ = {isa = PBXFileReference; lastKnownFileType = text.plist; path = Info.plist; sourceTree = "<group>"; };
/* End PBXFileReference section */

/* Begin PBXFrameworksBuildPhase section */
		B103F2922C217EC000F9E9C3 /* Frameworks */ = {
			isa = PBXFrameworksBuildPhase;
			buildActionMask = 2147483647;
			files = (
			);
			runOnlyForDeploymentPostprocessing = 0;
		};
/* End PBXFrameworksBuildPhase section */

/* Begin PBXGroup section */
		B103F28C2C217EC000F9E9C3 = {
			isa = PBXGroup;
			children = (
				B103F2972C217EC000F9E9C3 /* MocktailSwift */,
				B103F2962C217EC000F9E9C3 /* Products */,
			);
			sourceTree = "<group>";
		};
		B103F2962C217EC000F9E9C3 /* Products */ = {
			isa = PBXGroup;
			children = (
				B103F2952C217EC000F9E9C3 /* MocktailSwift.app */,
			);
			name = Products;
			sourceTree = "<group>";
		};
		B103F2972C217EC000F9E9C3 /* MocktailSwift */ = {
			isa = PBXGroup;
			children = (
				B14844D42C295AC1004B7B76 /* Info.plist */,
				B14844D22C295A6C004B7B76 /* Merienda-Regular.ttf */,
				B14844CB2C295706004B7B76 /* home */,
				B14844C72C294DB7004B7B76 /* mockup */,
				B14844C32C244B98004B7B76 /* Constants.swift */,
				B103F2982C217EC000F9E9C3 /* MocktailSwift.swift */,
				B103F29A2C217EC000F9E9C3 /* ContentView.swift */,
				B103F2AD2C218AA200F9E9C3 /* ImageHelper.swift */,
				B103F2AB2C217EEA00F9E9C3 /* MockView.swift */,
				B103F29C2C217EC200F9E9C3 /* Assets.xcassets */,
				B103F2A12C217EC200F9E9C3 /* Persistence.swift */,
				B103F2A32C217EC200F9E9C3 /* MocktailSwift.xcdatamodeld */,
				B103F29E2C217EC200F9E9C3 /* Preview Content */,
			);
			path = MocktailSwift;
			sourceTree = "<group>";
		};
		B103F29E2C217EC200F9E9C3 /* Preview Content */ = {
			isa = PBXGroup;
			children = (
				B103F29F2C217EC200F9E9C3 /* Preview Assets.xcassets */,
			);
			path = "Preview Content";
			sourceTree = "<group>";
		};
		B14844C72C294DB7004B7B76 /* mockup */ = {
			isa = PBXGroup;
			children = (
				B14844D52C2A8B01004B7B76 /* domain */,
				B14844C82C294DC2004B7B76 /* presentation */,
			);
			path = mockup;
			sourceTree = "<group>";
		};
		B14844C82C294DC2004B7B76 /* presentation */ = {
			isa = PBXGroup;
			children = (
				B14844C92C294DDF004B7B76 /* MockupView.swift */,
			);
			path = presentation;
			sourceTree = "<group>";
		};
		B14844CB2C295706004B7B76 /* home */ = {
			isa = PBXGroup;
			children = (
				B14844CF2C295749004B7B76 /* presentation */,
			);
			path = home;
			sourceTree = "<group>";
		};
		B14844CF2C295749004B7B76 /* presentation */ = {
			isa = PBXGroup;
			children = (
				B14844D02C295762004B7B76 /* HomeView.swift */,
			);
			path = presentation;
			sourceTree = "<group>";
		};
		B14844D52C2A8B01004B7B76 /* domain */ = {
			isa = PBXGroup;
			children = (
				B14844D62C2A8B24004B7B76 /* entities */,
			);
			path = domain;
			sourceTree = "<group>";
		};
		B14844D62C2A8B24004B7B76 /* entities */ = {
			isa = PBXGroup;
			children = (
				B14844C52C24646B004B7B76 /* Mockup.swift */,
			);
			path = entities;
			sourceTree = "<group>";
		};
/* End PBXGroup section */

/* Begin PBXNativeTarget section */
		B103F2942C217EC000F9E9C3 /* MocktailSwift */ = {
			isa = PBXNativeTarget;
			buildConfigurationList = B103F2A82C217EC200F9E9C3 /* Build configuration list for PBXNativeTarget "MocktailSwift" */;
			buildPhases = (
				B103F2912C217EC000F9E9C3 /* Sources */,
				B103F2922C217EC000F9E9C3 /* Frameworks */,
				B103F2932C217EC000F9E9C3 /* Resources */,
			);
			buildRules = (
			);
			dependencies = (
			);
			name = MocktailSwift;
			productName = MocktailIosTemp;
			productReference = B103F2952C217EC000F9E9C3 /* MocktailSwift.app */;
			productType = "com.apple.product-type.application";
		};
/* End PBXNativeTarget section */

/* Begin PBXProject section */
		B103F28D2C217EC000F9E9C3 /* Project object */ = {
			isa = PBXProject;
			attributes = {
				BuildIndependentTargetsInParallel = 1;
				LastSwiftUpdateCheck = 1500;
				LastUpgradeCheck = 1500;
				TargetAttributes = {
					B103F2942C217EC000F9E9C3 = {
						CreatedOnToolsVersion = 15.0;
					};
				};
			};
			buildConfigurationList = B103F2902C217EC000F9E9C3 /* Build configuration list for PBXProject "MocktailSwift" */;
			compatibilityVersion = "Xcode 14.0";
			developmentRegion = en;
			hasScannedForEncodings = 0;
			knownRegions = (
				en,
				Base,
			);
			mainGroup = B103F28C2C217EC000F9E9C3;
			productRefGroup = B103F2962C217EC000F9E9C3 /* Products */;
			projectDirPath = "";
			projectRoot = "";
			targets = (
				B103F2942C217EC000F9E9C3 /* MocktailSwift */,
			);
		};
/* End PBXProject section */

/* Begin PBXResourcesBuildPhase section */
		B103F2932C217EC000F9E9C3 /* Resources */ = {
			isa = PBXResourcesBuildPhase;
			buildActionMask = 2147483647;
			files = (
				B103F2A02C217EC200F9E9C3 /* Preview Assets.xcassets in Resources */,
				B14844D32C295A6C004B7B76 /* Merienda-Regular.ttf in Resources */,
				B103F29D2C217EC200F9E9C3 /* Assets.xcassets in Resources */,
			);
			runOnlyForDeploymentPostprocessing = 0;
		};
/* End PBXResourcesBuildPhase section */

/* Begin PBXSourcesBuildPhase section */
		B103F2912C217EC000F9E9C3 /* Sources */ = {
			isa = PBXSourcesBuildPhase;
			buildActionMask = 2147483647;
			files = (
				B103F2A22C217EC200F9E9C3 /* Persistence.swift in Sources */,
				B14844CA2C294DDF004B7B76 /* MockupView.swift in Sources */,
				B103F2A52C217EC200F9E9C3 /* MocktailSwift.xcdatamodeld in Sources */,
				B14844D12C295762004B7B76 /* HomeView.swift in Sources */,
				B103F29B2C217EC000F9E9C3 /* ContentView.swift in Sources */,
				B103F2AC2C217EEA00F9E9C3 /* MockView.swift in Sources */,
				B103F2992C217EC000F9E9C3 /* MocktailSwift.swift in Sources */,
				B103F2AE2C218AA200F9E9C3 /* ImageHelper.swift in Sources */,
				B14844C62C24646B004B7B76 /* Mockup.swift in Sources */,
				B14844C42C244B98004B7B76 /* Constants.swift in Sources */,
			);
			runOnlyForDeploymentPostprocessing = 0;
		};
/* End PBXSourcesBuildPhase section */

/* Begin XCBuildConfiguration section */
		B103F2A62C217EC200F9E9C3 /* Debug */ = {
			isa = XCBuildConfiguration;
			buildSettings = {
				ALWAYS_SEARCH_USER_PATHS = NO;
				ASSETCATALOG_COMPILER_GENERATE_SWIFT_ASSET_SYMBOL_EXTENSIONS = YES;
				CLANG_ANALYZER_NONNULL = YES;
				CLANG_ANALYZER_NUMBER_OBJECT_CONVERSION = YES_AGGRESSIVE;
				CLANG_CXX_LANGUAGE_STANDARD = "gnu++20";
				CLANG_ENABLE_MODULES = YES;
				CLANG_ENABLE_OBJC_ARC = YES;
				CLANG_ENABLE_OBJC_WEAK = YES;
				CLANG_WARN_BLOCK_CAPTURE_AUTORELEASING = YES;
				CLANG_WARN_BOOL_CONVERSION = YES;
				CLANG_WARN_COMMA = YES;
				CLANG_WARN_CONSTANT_CONVERSION = YES;
				CLANG_WARN_DEPRECATED_OBJC_IMPLEMENTATIONS = YES;
				CLANG_WARN_DIRECT_OBJC_ISA_USAGE = YES_ERROR;
				CLANG_WARN_DOCUMENTATION_COMMENTS = YES;
				CLANG_WARN_EMPTY_BODY = YES;
				CLANG_WARN_ENUM_CONVERSION = YES;
				CLANG_WARN_INFINITE_RECURSION = YES;
				CLANG_WARN_INT_CONVERSION = YES;
				CLANG_WARN_NON_LITERAL_NULL_CONVERSION = YES;
				CLANG_WARN_OBJC_IMPLICIT_RETAIN_SELF = YES;
				CLANG_WARN_OBJC_LITERAL_CONVERSION = YES;
				CLANG_WARN_OBJC_ROOT_CLASS = YES_ERROR;
				CLANG_WARN_QUOTED_INCLUDE_IN_FRAMEWORK_HEADER = YES;
				CLANG_WARN_RANGE_LOOP_ANALYSIS = YES;
				CLANG_WARN_STRICT_PROTOTYPES = YES;
				CLANG_WARN_SUSPICIOUS_MOVE = YES;
				CLANG_WARN_UNGUARDED_AVAILABILITY = YES_AGGRESSIVE;
				CLANG_WARN_UNREACHABLE_CODE = YES;
				CLANG_WARN__DUPLICATE_METHOD_MATCH = YES;
				COPY_PHASE_STRIP = NO;
				DEBUG_INFORMATION_FORMAT = dwarf;
				ENABLE_STRICT_OBJC_MSGSEND = YES;
				ENABLE_TESTABILITY = YES;
				ENABLE_USER_SCRIPT_SANDBOXING = YES;
				GCC_C_LANGUAGE_STANDARD = gnu17;
				GCC_DYNAMIC_NO_PIC = NO;
				GCC_NO_COMMON_BLOCKS = YES;
				GCC_OPTIMIZATION_LEVEL = 0;
				GCC_PREPROCESSOR_DEFINITIONS = (
					"DEBUG=1",
					"$(inherited)",
				);
				GCC_WARN_64_TO_32_BIT_CONVERSION = YES;
				GCC_WARN_ABOUT_RETURN_TYPE = YES_ERROR;
				GCC_WARN_UNDECLARED_SELECTOR = YES;
				GCC_WARN_UNINITIALIZED_AUTOS = YES_AGGRESSIVE;
				GCC_WARN_UNUSED_FUNCTION = YES;
				GCC_WARN_UNUSED_VARIABLE = YES;
				IPHONEOS_DEPLOYMENT_TARGET = 17.0;
				LOCALIZATION_PREFERS_STRING_CATALOGS = YES;
				MTL_ENABLE_DEBUG_INFO = INCLUDE_SOURCE;
				MTL_FAST_MATH = YES;
				ONLY_ACTIVE_ARCH = YES;
				SDKROOT = iphoneos;
				SWIFT_ACTIVE_COMPILATION_CONDITIONS = "DEBUG $(inherited)";
				SWIFT_OPTIMIZATION_LEVEL = "-Onone";
			};
			name = Debug;
		};
		B103F2A72C217EC200F9E9C3 /* Release */ = {
			isa = XCBuildConfiguration;
			buildSettings = {
				ALWAYS_SEARCH_USER_PATHS = NO;
				ASSETCATALOG_COMPILER_GENERATE_SWIFT_ASSET_SYMBOL_EXTENSIONS = YES;
				CLANG_ANALYZER_NONNULL = YES;
				CLANG_ANALYZER_NUMBER_OBJECT_CONVERSION = YES_AGGRESSIVE;
				CLANG_CXX_LANGUAGE_STANDARD = "gnu++20";
				CLANG_ENABLE_MODULES = YES;
				CLANG_ENABLE_OBJC_ARC = YES;
				CLANG_ENABLE_OBJC_WEAK = YES;
				CLANG_WARN_BLOCK_CAPTURE_AUTORELEASING = YES;
				CLANG_WARN_BOOL_CONVERSION = YES;
				CLANG_WARN_COMMA = YES;
				CLANG_WARN_CONSTANT_CONVERSION = YES;
				CLANG_WARN_DEPRECATED_OBJC_IMPLEMENTATIONS = YES;
				CLANG_WARN_DIRECT_OBJC_ISA_USAGE = YES_ERROR;
				CLANG_WARN_DOCUMENTATION_COMMENTS = YES;
				CLANG_WARN_EMPTY_BODY = YES;
				CLANG_WARN_ENUM_CONVERSION = YES;
				CLANG_WARN_INFINITE_RECURSION = YES;
				CLANG_WARN_INT_CONVERSION = YES;
				CLANG_WARN_NON_LITERAL_NULL_CONVERSION = YES;
				CLANG_WARN_OBJC_IMPLICIT_RETAIN_SELF = YES;
				CLANG_WARN_OBJC_LITERAL_CONVERSION = YES;
				CLANG_WARN_OBJC_ROOT_CLASS = YES_ERROR;
				CLANG_WARN_QUOTED_INCLUDE_IN_FRAMEWORK_HEADER = YES;
				CLANG_WARN_RANGE_LOOP_ANALYSIS = YES;
				CLANG_WARN_STRICT_PROTOTYPES = YES;
				CLANG_WARN_SUSPICIOUS_MOVE = YES;
				CLANG_WARN_UNGUARDED_AVAILABILITY = YES_AGGRESSIVE;
				CLANG_WARN_UNREACHABLE_CODE = YES;
				CLANG_WARN__DUPLICATE_METHOD_MATCH = YES;
				COPY_PHASE_STRIP = NO;
				DEBUG_INFORMATION_FORMAT = "dwarf-with-dsym";
				ENABLE_NS_ASSERTIONS = NO;
				ENABLE_STRICT_OBJC_MSGSEND = YES;
				ENABLE_USER_SCRIPT_SANDBOXING = YES;
				GCC_C_LANGUAGE_STANDARD = gnu17;
				GCC_NO_COMMON_BLOCKS = YES;
				GCC_WARN_64_TO_32_BIT_CONVERSION = YES;
				GCC_WARN_ABOUT_RETURN_TYPE = YES_ERROR;
				GCC_WARN_UNDECLARED_SELECTOR = YES;
				GCC_WARN_UNINITIALIZED_AUTOS = YES_AGGRESSIVE;
				GCC_WARN_UNUSED_FUNCTION = YES;
				GCC_WARN_UNUSED_VARIABLE = YES;
				IPHONEOS_DEPLOYMENT_TARGET = 17.0;
				LOCALIZATION_PREFERS_STRING_CATALOGS = YES;
				MTL_ENABLE_DEBUG_INFO = NO;
				MTL_FAST_MATH = YES;
				SDKROOT = iphoneos;
				SWIFT_COMPILATION_MODE = wholemodule;
				VALIDATE_PRODUCT = YES;
			};
			name = Release;
		};
		B103F2A92C217EC200F9E9C3 /* Debug */ = {
			isa = XCBuildConfiguration;
			buildSettings = {
				ASSETCATALOG_COMPILER_APPICON_NAME = AppIcon;
				ASSETCATALOG_COMPILER_GLOBAL_ACCENT_COLOR_NAME = AccentColor;
				CODE_SIGN_STYLE = Automatic;
				CURRENT_PROJECT_VERSION = 1;
				DEVELOPMENT_ASSET_PATHS = "\"MocktailSwift/Preview Content\"";
				DEVELOPMENT_TEAM = 8A97AKQKW4;
				ENABLE_PREVIEWS = YES;
				GENERATE_INFOPLIST_FILE = YES;
				INFOPLIST_FILE = MocktailSwift/Info.plist;
				INFOPLIST_KEY_NSPhotoLibraryUsageDescription = "we need permission to get image from user";
				INFOPLIST_KEY_UIApplicationSceneManifest_Generation = YES;
				INFOPLIST_KEY_UIApplicationSupportsIndirectInputEvents = YES;
				INFOPLIST_KEY_UILaunchScreen_Generation = YES;
				INFOPLIST_KEY_UISupportedInterfaceOrientations_iPad = "UIInterfaceOrientationPortrait UIInterfaceOrientationPortraitUpsideDown UIInterfaceOrientationLandscapeLeft UIInterfaceOrientationLandscapeRight";
				INFOPLIST_KEY_UISupportedInterfaceOrientations_iPhone = "UIInterfaceOrientationPortrait UIInterfaceOrientationLandscapeLeft UIInterfaceOrientationLandscapeRight";
				LD_RUNPATH_SEARCH_PATHS = (
					"$(inherited)",
					"@executable_path/Frameworks",
				);
				MARKETING_VERSION = 1.0;
				PRODUCT_BUNDLE_IDENTIFIER = com.zerovik.MocktailSwift;
				PRODUCT_NAME = "$(TARGET_NAME)";
				SDKROOT = iphoneos;
				SUPPORTED_PLATFORMS = "iphonesimulator iphoneos";
				SWIFT_EMIT_LOC_STRINGS = YES;
				SWIFT_VERSION = 5.0;
				TARGETED_DEVICE_FAMILY = "1,2";
			};
			name = Debug;
		};
		B103F2AA2C217EC200F9E9C3 /* Release */ = {
			isa = XCBuildConfiguration;
			buildSettings = {
				ASSETCATALOG_COMPILER_APPICON_NAME = AppIcon;
				ASSETCATALOG_COMPILER_GLOBAL_ACCENT_COLOR_NAME = AccentColor;
				CODE_SIGN_STYLE = Automatic;
				CURRENT_PROJECT_VERSION = 1;
				DEVELOPMENT_ASSET_PATHS = "\"MocktailSwift/Preview Content\"";
				DEVELOPMENT_TEAM = 8A97AKQKW4;
				ENABLE_PREVIEWS = YES;
				GENERATE_INFOPLIST_FILE = YES;
				INFOPLIST_FILE = MocktailSwift/Info.plist;
				INFOPLIST_KEY_NSPhotoLibraryUsageDescription = "we need permission to get image from user";
				INFOPLIST_KEY_UIApplicationSceneManifest_Generation = YES;
				INFOPLIST_KEY_UIApplicationSupportsIndirectInputEvents = YES;
				INFOPLIST_KEY_UILaunchScreen_Generation = YES;
				INFOPLIST_KEY_UISupportedInterfaceOrientations_iPad = "UIInterfaceOrientationPortrait UIInterfaceOrientationPortraitUpsideDown UIInterfaceOrientationLandscapeLeft UIInterfaceOrientationLandscapeRight";
				INFOPLIST_KEY_UISupportedInterfaceOrientations_iPhone = "UIInterfaceOrientationPortrait UIInterfaceOrientationLandscapeLeft UIInterfaceOrientationLandscapeRight";
				LD_RUNPATH_SEARCH_PATHS = (
					"$(inherited)",
					"@executable_path/Frameworks",
				);
				MARKETING_VERSION = 1.0;
				PRODUCT_BUNDLE_IDENTIFIER = com.zerovik.MocktailSwift;
				PRODUCT_NAME = "$(TARGET_NAME)";
				SDKROOT = iphoneos;
				SUPPORTED_PLATFORMS = "iphonesimulator iphoneos";
				SWIFT_EMIT_LOC_STRINGS = YES;
				SWIFT_VERSION = 5.0;
				TARGETED_DEVICE_FAMILY = "1,2";
			};
			name = Release;
		};
/* End XCBuildConfiguration section */

/* Begin XCConfigurationList section */
		B103F2902C217EC000F9E9C3 /* Build configuration list for PBXProject "MocktailSwift" */ = {
			isa = XCConfigurationList;
			buildConfigurations = (
				B103F2A62C217EC200F9E9C3 /* Debug */,
				B103F2A72C217EC200F9E9C3 /* Release */,
			);
			defaultConfigurationIsVisible = 0;
			defaultConfigurationName = Release;
		};
		B103F2A82C217EC200F9E9C3 /* Build configuration list for PBXNativeTarget "MocktailSwift" */ = {
			isa = XCConfigurationList;
			buildConfigurations = (
				B103F2A92C217EC200F9E9C3 /* Debug */,
				B103F2AA2C217EC200F9E9C3 /* Release */,
			);
			defaultConfigurationIsVisible = 0;
			defaultConfigurationName = Release;
		};
/* End XCConfigurationList section */

/* Begin XCVersionGroup section */
		B103F2A32C217EC200F9E9C3 /* MocktailSwift.xcdatamodeld */ = {
			isa = XCVersionGroup;
			children = (
				B103F2A42C217EC200F9E9C3 /* MocktailIosTemp.xcdatamodel */,
			);
			currentVersion = B103F2A42C217EC200F9E9C3 /* MocktailIosTemp.xcdatamodel */;
			path = MocktailSwift.xcdatamodeld;
			sourceTree = "<group>";
			versionGroupType = wrapper.xcdatamodel;
		};
/* End XCVersionGroup section */
	};
	rootObject = B103F28D2C217EC000F9E9C3 /* Project object */;
}
